// !$*UTF8*$!
{
	archiveVersion = 1;
	classes = {
	};
	objectVersion = 50;
	objects = {

/* Begin PBXBuildFile section */
		A2796B8E22E1401D0025E674 /* AppDelegate.swift in Sources */ = {isa = PBXBuildFile; fileRef = A2796B8D22E1401D0025E674 /* AppDelegate.swift */; };
		A2796B9322E1401D0025E674 /* Main.storyboard in Resources */ = {isa = PBXBuildFile; fileRef = A2796B9122E1401D0025E674 /* Main.storyboard */; };
		A2796B9522E1401E0025E674 /* Assets.xcassets in Resources */ = {isa = PBXBuildFile; fileRef = A2796B9422E1401E0025E674 /* Assets.xcassets */; };
		A2796B9822E1401E0025E674 /* LaunchScreen.storyboard in Resources */ = {isa = PBXBuildFile; fileRef = A2796B9622E1401E0025E674 /* LaunchScreen.storyboard */; };
		A2D3DDE622F928D200FE278F /* Feed.storyboard in Resources */ = {isa = PBXBuildFile; fileRef = A2D3DDE522F928D200FE278F /* Feed.storyboard */; };
		A2D3DDE822F928FE00FE278F /* Profile.storyboard in Resources */ = {isa = PBXBuildFile; fileRef = A2D3DDE722F928FE00FE278F /* Profile.storyboard */; };
		A2D3DDEA22F9296D00FE278F /* CreateNewPin.storyboard in Resources */ = {isa = PBXBuildFile; fileRef = A2D3DDE922F9296D00FE278F /* CreateNewPin.storyboard */; };
		A2D3DDED22F9348900FE278F /* CreatePinViewController.swift in Sources */ = {isa = PBXBuildFile; fileRef = A2D3DDEC22F9348900FE278F /* CreatePinViewController.swift */; };
		A2D3DDEF22F9349500FE278F /* ProfileViewController.swift in Sources */ = {isa = PBXBuildFile; fileRef = A2D3DDEE22F9349500FE278F /* ProfileViewController.swift */; };
		A2D3DDF122F934A300FE278F /* FeedViewController.swift in Sources */ = {isa = PBXBuildFile; fileRef = A2D3DDF022F934A300FE278F /* FeedViewController.swift */; };
/* End PBXBuildFile section */

/* Begin PBXFileReference section */
		A2796B8A22E1401D0025E674 /* Pinnacle.app */ = {isa = PBXFileReference; explicitFileType = wrapper.application; includeInIndex = 0; path = Pinnacle.app; sourceTree = BUILT_PRODUCTS_DIR; };
		A2796B8D22E1401D0025E674 /* AppDelegate.swift */ = {isa = PBXFileReference; lastKnownFileType = sourcecode.swift; path = AppDelegate.swift; sourceTree = "<group>"; };
		A2796B9222E1401D0025E674 /* Base */ = {isa = PBXFileReference; lastKnownFileType = file.storyboard; name = Base; path = Base.lproj/Main.storyboard; sourceTree = "<group>"; };
		A2796B9422E1401E0025E674 /* Assets.xcassets */ = {isa = PBXFileReference; lastKnownFileType = folder.assetcatalog; path = Assets.xcassets; sourceTree = "<group>"; };
		A2796B9722E1401E0025E674 /* Base */ = {isa = PBXFileReference; lastKnownFileType = file.storyboard; name = Base; path = Base.lproj/LaunchScreen.storyboard; sourceTree = "<group>"; };
		A2796B9922E1401E0025E674 /* Info.plist */ = {isa = PBXFileReference; lastKnownFileType = text.plist.xml; path = Info.plist; sourceTree = "<group>"; };
		A2D3DDE522F928D200FE278F /* Feed.storyboard */ = {isa = PBXFileReference; lastKnownFileType = file.storyboard; path = Feed.storyboard; sourceTree = "<group>"; };
		A2D3DDE722F928FE00FE278F /* Profile.storyboard */ = {isa = PBXFileReference; lastKnownFileType = file.storyboard; path = Profile.storyboard; sourceTree = "<group>"; };
		A2D3DDE922F9296D00FE278F /* CreateNewPin.storyboard */ = {isa = PBXFileReference; lastKnownFileType = file.storyboard; path = CreateNewPin.storyboard; sourceTree = "<group>"; };
		A2D3DDEC22F9348900FE278F /* CreatePinViewController.swift */ = {isa = PBXFileReference; lastKnownFileType = sourcecode.swift; path = CreatePinViewController.swift; sourceTree = "<group>"; };
		A2D3DDEE22F9349500FE278F /* ProfileViewController.swift */ = {isa = PBXFileReference; lastKnownFileType = sourcecode.swift; path = ProfileViewController.swift; sourceTree = "<group>"; };
		A2D3DDF022F934A300FE278F /* FeedViewController.swift */ = {isa = PBXFileReference; lastKnownFileType = sourcecode.swift; path = FeedViewController.swift; sourceTree = "<group>"; };
/* End PBXFileReference section */

/* Begin PBXFrameworksBuildPhase section */
		A2796B8722E1401D0025E674 /* Frameworks */ = {
			isa = PBXFrameworksBuildPhase;
			buildActionMask = 2147483647;
			files = (
			);
			runOnlyForDeploymentPostprocessing = 0;
		};
/* End PBXFrameworksBuildPhase section */

/* Begin PBXGroup section */
		A2796B8122E1401D0025E674 = {
			isa = PBXGroup;
			children = (
				A2796B8C22E1401D0025E674 /* Pinnacle */,
				A2796B8B22E1401D0025E674 /* Products */,
			);
			sourceTree = "<group>";
		};
		A2796B8B22E1401D0025E674 /* Products */ = {
			isa = PBXGroup;
			children = (
				A2796B8A22E1401D0025E674 /* Pinnacle.app */,
			);
			name = Products;
			sourceTree = "<group>";
		};
		A2796B8C22E1401D0025E674 /* Pinnacle */ = {
			isa = PBXGroup;
			children = (
				A2796B8D22E1401D0025E674 /* AppDelegate.swift */,
				A2D3DDF222F934B100FE278F /* View Controllers */,
				A2D3DDEB22F9344900FE278F /* Storyboards */,
				A2796B9422E1401E0025E674 /* Assets.xcassets */,
				A2796B9622E1401E0025E674 /* LaunchScreen.storyboard */,
				A2796B9922E1401E0025E674 /* Info.plist */,
			);
			path = Pinnacle;
			sourceTree = "<group>";
		};
		A2D3DDEB22F9344900FE278F /* Storyboards */ = {
			isa = PBXGroup;
			children = (
				A2796B9122E1401D0025E674 /* Main.storyboard */,
				A2D3DDE922F9296D00FE278F /* CreateNewPin.storyboard */,
				A2D3DDE722F928FE00FE278F /* Profile.storyboard */,
				A2D3DDE522F928D200FE278F /* Feed.storyboard */,
			);
			path = Storyboards;
			sourceTree = "<group>";
		};
		A2D3DDF222F934B100FE278F /* View Controllers */ = {
			isa = PBXGroup;
			children = (
				A2D3DDEC22F9348900FE278F /* CreatePinViewController.swift */,
				A2D3DDEE22F9349500FE278F /* ProfileViewController.swift */,
				A2D3DDF022F934A300FE278F /* FeedViewController.swift */,
			);
			path = "View Controllers";
			sourceTree = "<group>";
		};
/* End PBXGroup section */

/* Begin PBXNativeTarget section */
		A2796B8922E1401D0025E674 /* Pinnacle */ = {
			isa = PBXNativeTarget;
			buildConfigurationList = A2796B9C22E1401E0025E674 /* Build configuration list for PBXNativeTarget "Pinnacle" */;
			buildPhases = (
				A2796B8622E1401D0025E674 /* Sources */,
				A2796B8722E1401D0025E674 /* Frameworks */,
				A2796B8822E1401D0025E674 /* Resources */,
			);
			buildRules = (
			);
			dependencies = (
			);
			name = Pinnacle;
			productName = Pinnacle;
			productReference = A2796B8A22E1401D0025E674 /* Pinnacle.app */;
			productType = "com.apple.product-type.application";
		};
/* End PBXNativeTarget section */

/* Begin PBXProject section */
		A2796B8222E1401D0025E674 /* Project object */ = {
			isa = PBXProject;
			attributes = {
				LastSwiftUpdateCheck = 1020;
				LastUpgradeCheck = 1020;
				ORGANIZATIONNAME = "Alex Shillingford";
				TargetAttributes = {
					A2796B8922E1401D0025E674 = {
						CreatedOnToolsVersion = 10.2.1;
					};
				};
			};
			buildConfigurationList = A2796B8522E1401D0025E674 /* Build configuration list for PBXProject "Pinnacle" */;
			compatibilityVersion = "Xcode 9.3";
			developmentRegion = en;
			hasScannedForEncodings = 0;
			knownRegions = (
				en,
				Base,
			);
			mainGroup = A2796B8122E1401D0025E674;
			productRefGroup = A2796B8B22E1401D0025E674 /* Products */;
			projectDirPath = "";
			projectRoot = "";
			targets = (
				A2796B8922E1401D0025E674 /* Pinnacle */,
			);
		};
/* End PBXProject section */

/* Begin PBXResourcesBuildPhase section */
		A2796B8822E1401D0025E674 /* Resources */ = {
			isa = PBXResourcesBuildPhase;
			buildActionMask = 2147483647;
			files = (
				A2796B9822E1401E0025E674 /* LaunchScreen.storyboard in Resources */,
				A2796B9522E1401E0025E674 /* Assets.xcassets in Resources */,
				A2D3DDE822F928FE00FE278F /* Profile.storyboard in Resources */,
				A2D3DDE622F928D200FE278F /* Feed.storyboard in Resources */,
				A2796B9322E1401D0025E674 /* Main.storyboard in Resources */,
				A2D3DDEA22F9296D00FE278F /* CreateNewPin.storyboard in Resources */,
			);
			runOnlyForDeploymentPostprocessing = 0;
		};
/* End PBXResourcesBuildPhase section */

/* Begin PBXSourcesBuildPhase section */
		A2796B8622E1401D0025E674 /* Sources */ = {
			isa = PBXSourcesBuildPhase;
			buildActionMask = 2147483647;
			files = (
				A2D3DDEF22F9349500FE278F /* ProfileViewController.swift in Sources */,
				A2D3DDED22F9348900FE278F /* CreatePinViewController.swift in Sources */,
				A2D3DDF122F934A300FE278F /* FeedViewController.swift in Sources */,
				A2796B8E22E1401D0025E674 /* AppDelegate.swift in Sources */,
			);
			runOnlyForDeploymentPostprocessing = 0;
		};
/* End PBXSourcesBuildPhase section */

/* Begin PBXVariantGroup section */
		A2796B9122E1401D0025E674 /* Main.storyboard */ = {
			isa = PBXVariantGroup;
			children = (
				A2796B9222E1401D0025E674 /* Base */,
			);
			name = Main.storyboard;
			sourceTree = "<group>";
		};
		A2796B9622E1401E0025E674 /* LaunchScreen.storyboard */ = {
			isa = PBXVariantGroup;
			children = (
				A2796B9722E1401E0025E674 /* Base */,
			);
			name = LaunchScreen.storyboard;
			sourceTree = "<group>";
		};
/* End PBXVariantGroup section */

/* Begin XCBuildConfiguration section */
		A2796B9A22E1401E0025E674 /* Debug */ = {
			isa = XCBuildConfiguration;
			buildSettings = {
				ALWAYS_SEARCH_USER_PATHS = NO;
				CLANG_ANALYZER_NONNULL = YES;
				CLANG_ANALYZER_NUMBER_OBJECT_CONVERSION = YES_AGGRESSIVE;
				CLANG_CXX_LANGUAGE_STANDARD = "gnu++14";
				CLANG_CXX_LIBRARY = "libc++";
				CLANG_ENABLE_MODULES = YES;
				CLANG_ENABLE_OBJC_ARC = YES;
				CLANG_ENABLE_OBJC_WEAK = YES;
				CLANG_WARN_BLOCK_CAPTURE_AUTORELEASING = YES;
				CLANG_WARN_BOOL_CONVERSION = YES;
				CLANG_WARN_COMMA = YES;
				CLANG_WARN_CONSTANT_CONVERSION = YES;
				CLANG_WARN_DEPRECATED_OBJC_IMPLEMENTATIONS = YES;
				CLANG_WARN_DIRECT_OBJC_ISA_USAGE = YES_ERROR;
				CLANG_WARN_DOCUMENTATION_COMMENTS = YES;
				CLANG_WARN_EMPTY_BODY = YES;
				CLANG_WARN_ENUM_CONVERSION = YES;
				CLANG_WARN_INFINITE_RECURSION = YES;
				CLANG_WARN_INT_CONVERSION = YES;
				CLANG_WARN_NON_LITERAL_NULL_CONVERSION = YES;
				CLANG_WARN_OBJC_IMPLICIT_RETAIN_SELF = YES;
				CLANG_WARN_OBJC_LITERAL_CONVERSION = YES;
				CLANG_WARN_OBJC_ROOT_CLASS = YES_ERROR;
				CLANG_WARN_RANGE_LOOP_ANALYSIS = YES;
				CLANG_WARN_STRICT_PROTOTYPES = YES;
				CLANG_WARN_SUSPICIOUS_MOVE = YES;
				CLANG_WARN_UNGUARDED_AVAILABILITY = YES_AGGRESSIVE;
				CLANG_WARN_UNREACHABLE_CODE = YES;
				CLANG_WARN__DUPLICATE_METHOD_MATCH = YES;
				CODE_SIGN_IDENTITY = "iPhone Developer";
				COPY_PHASE_STRIP = NO;
				DEBUG_INFORMATION_FORMAT = dwarf;
				ENABLE_STRICT_OBJC_MSGSEND = YES;
				ENABLE_TESTABILITY = YES;
				GCC_C_LANGUAGE_STANDARD = gnu11;
				GCC_DYNAMIC_NO_PIC = NO;
				GCC_NO_COMMON_BLOCKS = YES;
				GCC_OPTIMIZATION_LEVEL = 0;
				GCC_PREPROCESSOR_DEFINITIONS = (
					"DEBUG=1",
					"$(inherited)",
				);
				GCC_WARN_64_TO_32_BIT_CONVERSION = YES;
				GCC_WARN_ABOUT_RETURN_TYPE = YES_ERROR;
				GCC_WARN_UNDECLARED_SELECTOR = YES;
				GCC_WARN_UNINITIALIZED_AUTOS = YES_AGGRESSIVE;
				GCC_WARN_UNUSED_FUNCTION = YES;
				GCC_WARN_UNUSED_VARIABLE = YES;
				IPHONEOS_DEPLOYMENT_TARGET = 12.2;
				MTL_ENABLE_DEBUG_INFO = INCLUDE_SOURCE;
				MTL_FAST_MATH = YES;
				ONLY_ACTIVE_ARCH = YES;
				SDKROOT = iphoneos;
				SWIFT_ACTIVE_COMPILATION_CONDITIONS = DEBUG;
				SWIFT_OPTIMIZATION_LEVEL = "-Onone";
			};
			name = Debug;
		};
		A2796B9B22E1401E0025E674 /* Release */ = {
			isa = XCBuildConfiguration;
			buildSettings = {
				ALWAYS_SEARCH_USER_PATHS = NO;
				CLANG_ANALYZER_NONNULL = YES;
				CLANG_ANALYZER_NUMBER_OBJECT_CONVERSION = YES_AGGRESSIVE;
				CLANG_CXX_LANGUAGE_STANDARD = "gnu++14";
				CLANG_CXX_LIBRARY = "libc++";
				CLANG_ENABLE_MODULES = YES;
				CLANG_ENABLE_OBJC_ARC = YES;
				CLANG_ENABLE_OBJC_WEAK = YES;
				CLANG_WARN_BLOCK_CAPTURE_AUTORELEASING = YES;
				CLANG_WARN_BOOL_CONVERSION = YES;
				CLANG_WARN_COMMA = YES;
				CLANG_WARN_CONSTANT_CONVERSION = YES;
				CLANG_WARN_DEPRECATED_OBJC_IMPLEMENTATIONS = YES;
				CLANG_WARN_DIRECT_OBJC_ISA_USAGE = YES_ERROR;
				CLANG_WARN_DOCUMENTATION_COMMENTS = YES;
				CLANG_WARN_EMPTY_BODY = YES;
				CLANG_WARN_ENUM_CONVERSION = YES;
				CLANG_WARN_INFINITE_RECURSION = YES;
				CLANG_WARN_INT_CONVERSION = YES;
				CLANG_WARN_NON_LITERAL_NULL_CONVERSION = YES;
				CLANG_WARN_OBJC_IMPLICIT_RETAIN_SELF = YES;
				CLANG_WARN_OBJC_LITERAL_CONVERSION = YES;
				CLANG_WARN_OBJC_ROOT_CLASS = YES_ERROR;
				CLANG_WARN_RANGE_LOOP_ANALYSIS = YES;
				CLANG_WARN_STRICT_PROTOTYPES = YES;
				CLANG_WARN_SUSPICIOUS_MOVE = YES;
				CLANG_WARN_UNGUARDED_AVAILABILITY = YES_AGGRESSIVE;
				CLANG_WARN_UNREACHABLE_CODE = YES;
				CLANG_WARN__DUPLICATE_METHOD_MATCH = YES;
				CODE_SIGN_IDENTITY = "iPhone Developer";
				COPY_PHASE_STRIP = NO;
				DEBUG_INFORMATION_FORMAT = "dwarf-with-dsym";
				ENABLE_NS_ASSERTIONS = NO;
				ENABLE_STRICT_OBJC_MSGSEND = YES;
				GCC_C_LANGUAGE_STANDARD = gnu11;
				GCC_NO_COMMON_BLOCKS = YES;
				GCC_WARN_64_TO_32_BIT_CONVERSION = YES;
				GCC_WARN_ABOUT_RETURN_TYPE = YES_ERROR;
				GCC_WARN_UNDECLARED_SELECTOR = YES;
				GCC_WARN_UNINITIALIZED_AUTOS = YES_AGGRESSIVE;
				GCC_WARN_UNUSED_FUNCTION = YES;
				GCC_WARN_UNUSED_VARIABLE = YES;
				IPHONEOS_DEPLOYMENT_TARGET = 12.2;
				MTL_ENABLE_DEBUG_INFO = NO;
				MTL_FAST_MATH = YES;
				SDKROOT = iphoneos;
				SWIFT_COMPILATION_MODE = wholemodule;
				SWIFT_OPTIMIZATION_LEVEL = "-O";
				VALIDATE_PRODUCT = YES;
			};
			name = Release;
		};
		A2796B9D22E1401E0025E674 /* Debug */ = {
			isa = XCBuildConfiguration;
			buildSettings = {
				ASSETCATALOG_COMPILER_APPICON_NAME = AppIcon;
				CODE_SIGN_STYLE = Automatic;
				INFOPLIST_FILE = Pinnacle/Info.plist;
				LD_RUNPATH_SEARCH_PATHS = (
					"$(inherited)",
					"@executable_path/Frameworks",
				);
				PRODUCT_BUNDLE_IDENTIFIER = com.twobrothersapps.Pinnacle;
				PRODUCT_NAME = "$(TARGET_NAME)";
				SWIFT_VERSION = 5.0;
				TARGETED_DEVICE_FAMILY = "1,2";
			};
			name = Debug;
		};
		A2796B9E22E1401E0025E674 /* Release */ = {
			isa = XCBuildConfiguration;
			buildSettings = {
				ASSETCATALOG_COMPILER_APPICON_NAME = AppIcon;
				CODE_SIGN_STYLE = Automatic;
				INFOPLIST_FILE = Pinnacle/Info.plist;
				LD_RUNPATH_SEARCH_PATHS = (
					"$(inherited)",
					"@executable_path/Frameworks",
				);
				PRODUCT_BUNDLE_IDENTIFIER = com.twobrothersapps.Pinnacle;
				PRODUCT_NAME = "$(TARGET_NAME)";
				SWIFT_VERSION = 5.0;
				TARGETED_DEVICE_FAMILY = "1,2";
			};
			name = Release;
		};
/* End XCBuildConfiguration section */

/* Begin XCConfigurationList section */
		A2796B8522E1401D0025E674 /* Build configuration list for PBXProject "Pinnacle" */ = {
			isa = XCConfigurationList;
			buildConfigurations = (
				A2796B9A22E1401E0025E674 /* Debug */,
				A2796B9B22E1401E0025E674 /* Release */,
			);
			defaultConfigurationIsVisible = 0;
			defaultConfigurationName = Release;
		};
		A2796B9C22E1401E0025E674 /* Build configuration list for PBXNativeTarget "Pinnacle" */ = {
			isa = XCConfigurationList;
			buildConfigurations = (
				A2796B9D22E1401E0025E674 /* Debug */,
				A2796B9E22E1401E0025E674 /* Release */,
			);
			defaultConfigurationIsVisible = 0;
			defaultConfigurationName = Release;
		};
/* End XCConfigurationList section */
	};
	rootObject = A2796B8222E1401D0025E674 /* Project object */;
}
